
Microsoft Visual Studio Solution File, Format Version 12.00
# Visual Studio Version 17
VisualStudioVersion = 17.10.34928.147
MinimumVisualStudioVersion = 10.0.40219.1
Project("{2150E333-8FDC-42A3-9474-1A3956D46DE8}") = "CRM.Domain", "CRM.Domain", "{9D61D8B4-449F-439D-A0BF-3D9F09A75A73}"
EndProject
Project("{2150E333-8FDC-42A3-9474-1A3956D46DE8}") = "CRM.DataLayer", "CRM.DataLayer", "{E759FF62-2165-4F10-A2A3-5841917C920C}"
EndProject
Project("{2150E333-8FDC-42A3-9474-1A3956D46DE8}") = "CRM.Application", "CRM.Application", "{A3E6C605-D8FA-4301-A6F1-1F7361ADD198}"
EndProject
Project("{2150E333-8FDC-42A3-9474-1A3956D46DE8}") = "CRM.IoC", "CRM.IoC", "{F9F7D893-9AEA-4F9A-A42E-23E0D4361EBA}"
EndProject
Project("{2150E333-8FDC-42A3-9474-1A3956D46DE8}") = "CRM.Web", "CRM.Web", "{9C450F02-C631-47E9-9590-E955CC8AB44F}"
EndProject
Project("{FAE04EC0-301F-11D3-BF4B-00C04F79EFBC}") = "CRM.Application", "CRM.Application\CRM.Application.csproj", "{5A57AA06-2D3E-475B-8B38-98CC569D06C5}"
EndProject
Project("{FAE04EC0-301F-11D3-BF4B-00C04F79EFBC}") = "CRM.DataLayer", "CRM.DataLayer\CRM.DataLayer.csproj", "{098D0C60-C83F-4725-B6B5-C27ABEBBD941}"
EndProject
Project("{FAE04EC0-301F-11D3-BF4B-00C04F79EFBC}") = "CRM.Domain", "CRM.Domain\CRM.Domain.csproj", "{7691A171-F63C-4870-A9C0-1E3379DF7F47}"
EndProject
Project("{FAE04EC0-301F-11D3-BF4B-00C04F79EFBC}") = "CRM.IoC", "CRM.IoC\CRM.IoC.csproj", "{0EBF181A-36CC-4EC4-BB3D-B3E873582CFC}"
EndProject
Project("{FAE04EC0-301F-11D3-BF4B-00C04F79EFBC}") = "CRM.Web", "CRM.Web\CRM.Web.csproj", "{5816CA5B-916A-4823-941E-C1AFFA5AA178}"
EndProject
Global
	GlobalSection(SolutionConfigurationPlatforms) = preSolution
		Debug|Any CPU = Debug|Any CPU
		Release|Any CPU = Release|Any CPU
	EndGlobalSection
	GlobalSection(ProjectConfigurationPlatforms) = postSolution
		{5A57AA06-2D3E-475B-8B38-98CC569D06C5}.Debug|Any CPU.ActiveCfg = Debug|Any CPU
		{5A57AA06-2D3E-475B-8B38-98CC569D06C5}.Debug|Any CPU.Build.0 = Debug|Any CPU
		{5A57AA06-2D3E-475B-8B38-98CC569D06C5}.Release|Any CPU.ActiveCfg = Release|Any CPU
		{5A57AA06-2D3E-475B-8B38-98CC569D06C5}.Release|Any CPU.Build.0 = Release|Any CPU
		{098D0C60-C83F-4725-B6B5-C27ABEBBD941}.Debug|Any CPU.ActiveCfg = Debug|Any CPU
		{098D0C60-C83F-4725-B6B5-C27ABEBBD941}.Debug|Any CPU.Build.0 = Debug|Any CPU
		{098D0C60-C83F-4725-B6B5-C27ABEBBD941}.Release|Any CPU.ActiveCfg = Release|Any CPU
		{098D0C60-C83F-4725-B6B5-C27ABEBBD941}.Release|Any CPU.Build.0 = Release|Any CPU
		{7691A171-F63C-4870-A9C0-1E3379DF7F47}.Debug|Any CPU.ActiveCfg = Debug|Any CPU
		{7691A171-F63C-4870-A9C0-1E3379DF7F47}.Debug|Any CPU.Build.0 = Debug|Any CPU
		{7691A171-F63C-4870-A9C0-1E3379DF7F47}.Release|Any CPU.ActiveCfg = Release|Any CPU
		{7691A171-F63C-4870-A9C0-1E3379DF7F47}.Release|Any CPU.Build.0 = Release|Any CPU
		{0EBF181A-36CC-4EC4-BB3D-B3E873582CFC}.Debug|Any CPU.ActiveCfg = Debug|Any CPU
		{0EBF181A-36CC-4EC4-BB3D-B3E873582CFC}.Debug|Any CPU.Build.0 = Debug|Any CPU
		{0EBF181A-36CC-4EC4-BB3D-B3E873582CFC}.Release|Any CPU.ActiveCfg = Release|Any CPU
		{0EBF181A-36CC-4EC4-BB3D-B3E873582CFC}.Release|Any CPU.Build.0 = Release|Any CPU
		{5816CA5B-916A-4823-941E-C1AFFA5AA178}.Debug|Any CPU.ActiveCfg = Debug|Any CPU
		{5816CA5B-916A-4823-941E-C1AFFA5AA178}.Debug|Any CPU.Build.0 = Debug|Any CPU
		{5816CA5B-916A-4823-941E-C1AFFA5AA178}.Release|Any CPU.ActiveCfg = Release|Any CPU
		{5816CA5B-916A-4823-941E-C1AFFA5AA178}.Release|Any CPU.Build.0 = Release|Any CPU
	EndGlobalSection
	GlobalSection(SolutionProperties) = preSolution
		HideSolutionNode = FALSE
	EndGlobalSection
	GlobalSection(NestedProjects) = preSolution
		{5A57AA06-2D3E-475B-8B38-98CC569D06C5} = {A3E6C605-D8FA-4301-A6F1-1F7361ADD198}
		{098D0C60-C83F-4725-B6B5-C27ABEBBD941} = {E759FF62-2165-4F10-A2A3-5841917C920C}
		{7691A171-F63C-4870-A9C0-1E3379DF7F47} = {9D61D8B4-449F-439D-A0BF-3D9F09A75A73}
		{0EBF181A-36CC-4EC4-BB3D-B3E873582CFC} = {F9F7D893-9AEA-4F9A-A42E-23E0D4361EBA}
		{5816CA5B-916A-4823-941E-C1AFFA5AA178} = {9C450F02-C631-47E9-9590-E955CC8AB44F}
	EndGlobalSection
	GlobalSection(ExtensibilityGlobals) = postSolution
		SolutionGuid = {DD22CC98-1BC8-43F8-BA3E-B3E3433D5AA9}
	EndGlobalSection
EndGlobal
